// !$*UTF8*$!
{
	archiveVersion = 1;
	classes = {
	};
	objectVersion = 77;
	objects = {

/* Begin PBXBuildFile section */
		7AB23DC32ED349C1002567D2 /* FirebaseAI in Frameworks */ = {isa = PBXBuildFile; productRef = 7AB23DC22ED349C1002567D2 /* FirebaseAI */; };
		7AB23DC52ED349C1002567D2 /* FirebaseAnalytics in Frameworks */ = {isa = PBXBuildFile; productRef = 7AB23DC42ED349C1002567D2 /* FirebaseAnalytics */; };
		7AB23DC72ED349C1002567D2 /* FirebaseAuth in Frameworks */ = {isa = PBXBuildFile; productRef = 7AB23DC62ED349C1002567D2 /* FirebaseAuth */; };
		7AB23DC92ED349C1002567D2 /* FirebaseCore in Frameworks */ = {isa = PBXBuildFile; productRef = 7AB23DC82ED349C1002567D2 /* FirebaseCore */; };
		7AB23DCB2ED349C1002567D2 /* FirebaseCrashlytics in Frameworks */ = {isa = PBXBuildFile; productRef = 7AB23DCA2ED349C1002567D2 /* FirebaseCrashlytics */; };
		7AB23DCD2ED349C1002567D2 /* FirebaseFirestore in Frameworks */ = {isa = PBXBuildFile; productRef = 7AB23DCC2ED349C1002567D2 /* FirebaseFirestore */; };
		7AB23DCF2ED349C1002567D2 /* FirebaseFunctions in Frameworks */ = {isa = PBXBuildFile; productRef = 7AB23DCE2ED349C1002567D2 /* FirebaseFunctions */; };
		7AB23DD12ED349C1002567D2 /* FirebaseFunctionsCombine-Community in Frameworks */ = {isa = PBXBuildFile; productRef = 7AB23DD02ED349C1002567D2 /* FirebaseFunctionsCombine-Community */; };
		7AB23DD32ED349C1002567D2 /* FirebaseStorage in Frameworks */ = {isa = PBXBuildFile; productRef = 7AB23DD22ED349C1002567D2 /* FirebaseStorage */; };
		7AE807882ED1C137008DD79B /* GoogleSignIn in Frameworks */ = {isa = PBXBuildFile; productRef = 7AE807872ED1C137008DD79B /* GoogleSignIn */; };
		7AE8078A2ED1C137008DD79B /* GoogleSignInSwift in Frameworks */ = {isa = PBXBuildFile; productRef = 7AE807892ED1C137008DD79B /* GoogleSignInSwift */; };
/* End PBXBuildFile section */

/* Begin PBXFileReference section */
		F7FE2A72C6DD91F8AFDD5B54 /* DisciplineApp.app */ = {isa = PBXFileReference; explicitFileType = wrapper.application; includeInIndex = 0; path = DisciplineApp.app; sourceTree = BUILT_PRODUCTS_DIR; };
/* End PBXFileReference section */

/* Begin PBXFileSystemSynchronizedBuildFileExceptionSet section */
		7115560C91B7C459BF634AEC /* Exceptions for "iosApp" folder in "iosApp" target */ = {
			isa = PBXFileSystemSynchronizedBuildFileExceptionSet;
			membershipExceptions = (
				Info.plist,
			);
			target = 73600FDFE246F379D25D29D9 /* iosApp */;
		};
/* End PBXFileSystemSynchronizedBuildFileExceptionSet section */

/* Begin PBXFileSystemSynchronizedRootGroup section */
		1F2A1C2BA26F727A92117307 /* iosApp */ = {
			isa = PBXFileSystemSynchronizedRootGroup;
			exceptions = (
				7115560C91B7C459BF634AEC /* Exceptions for "iosApp" folder in "iosApp" target */,
			);
			path = iosApp;
			sourceTree = "<group>";
		};
		83A3738F862476E206726180 /* Configuration */ = {
			isa = PBXFileSystemSynchronizedRootGroup;
			path = Configuration;
			sourceTree = "<group>";
		};
/* End PBXFileSystemSynchronizedRootGroup section */

/* Begin PBXFrameworksBuildPhase section */
		192E53E07892B0F4E306C676 /* Frameworks */ = {
			isa = PBXFrameworksBuildPhase;
			buildActionMask = 2147483647;
			files = (
				7AE807882ED1C137008DD79B /* GoogleSignIn in Frameworks */,
				7AB23DC72ED349C1002567D2 /* FirebaseAuth in Frameworks */,
				7AE8078A2ED1C137008DD79B /* GoogleSignInSwift in Frameworks */,
				7AB23DD12ED349C1002567D2 /* FirebaseFunctionsCombine-Community in Frameworks */,
				7AB23DCF2ED349C1002567D2 /* FirebaseFunctions in Frameworks */,
				7AB23DCB2ED349C1002567D2 /* FirebaseCrashlytics in Frameworks */,
				7AB23DC52ED349C1002567D2 /* FirebaseAnalytics in Frameworks */,
				7AB23DCD2ED349C1002567D2 /* FirebaseFirestore in Frameworks */,
				7AB23DD32ED349C1002567D2 /* FirebaseStorage in Frameworks */,
				7AB23DC92ED349C1002567D2 /* FirebaseCore in Frameworks */,
				7AB23DC32ED349C1002567D2 /* FirebaseAI in Frameworks */,
			);
			runOnlyForDeploymentPostprocessing = 0;
		};
/* End PBXFrameworksBuildPhase section */

/* Begin PBXGroup section */
		C81D16266DE773E22083782E = {
			isa = PBXGroup;
			children = (
				83A3738F862476E206726180 /* Configuration */,
				1F2A1C2BA26F727A92117307 /* iosApp */,
				E8774369B3FD61708837337D /* Products */,
			);
			sourceTree = "<group>";
		};
		E8774369B3FD61708837337D /* Products */ = {
			isa = PBXGroup;
			children = (
				F7FE2A72C6DD91F8AFDD5B54 /* DisciplineApp.app */,
			);
			name = Products;
			sourceTree = "<group>";
		};
/* End PBXGroup section */

/* Begin PBXNativeTarget section */
		73600FDFE246F379D25D29D9 /* iosApp */ = {
			isa = PBXNativeTarget;
			buildConfigurationList = B1348A50FF39E13CCF4243C3 /* Build configuration list for PBXNativeTarget "iosApp" */;
			buildPhases = (
				96F7E4C998AB7175AB3FB285 /* Compile Kotlin Framework */,
				6170F2A30E2D5D09D2C9CEF0 /* Sources */,
				192E53E07892B0F4E306C676 /* Frameworks */,
				B02F9C33EF01633E0AFD361B /* Resources */,
			);
			buildRules = (
			);
			dependencies = (
			);
			fileSystemSynchronizedGroups = (
				1F2A1C2BA26F727A92117307 /* iosApp */,
			);
			name = iosApp;
			packageProductDependencies = (
				7AE807872ED1C137008DD79B /* GoogleSignIn */,
				7AE807892ED1C137008DD79B /* GoogleSignInSwift */,
				7AB23DC22ED349C1002567D2 /* FirebaseAI */,
				7AB23DC42ED349C1002567D2 /* FirebaseAnalytics */,
				7AB23DC62ED349C1002567D2 /* FirebaseAuth */,
				7AB23DC82ED349C1002567D2 /* FirebaseCore */,
				7AB23DCA2ED349C1002567D2 /* FirebaseCrashlytics */,
				7AB23DCC2ED349C1002567D2 /* FirebaseFirestore */,
				7AB23DCE2ED349C1002567D2 /* FirebaseFunctions */,
				7AB23DD02ED349C1002567D2 /* FirebaseFunctionsCombine-Community */,
				7AB23DD22ED349C1002567D2 /* FirebaseStorage */,
			);
			productName = iosApp;
			productReference = F7FE2A72C6DD91F8AFDD5B54 /* DisciplineApp.app */;
			productType = "com.apple.product-type.application";
		};
/* End PBXNativeTarget section */

/* Begin PBXProject section */
		466F396392214C824F0E6F1A /* Project object */ = {
			isa = PBXProject;
			attributes = {
				BuildIndependentTargetsInParallel = 1;
				LastSwiftUpdateCheck = 1620;
				LastUpgradeCheck = 1640;
				TargetAttributes = {
					73600FDFE246F379D25D29D9 = {
						CreatedOnToolsVersion = 16.2;
					};
				};
			};
			buildConfigurationList = 9A48B848B2D525FD578A5C10 /* Build configuration list for PBXProject "iosApp" */;
			developmentRegion = en;
			hasScannedForEncodings = 0;
			knownRegions = (
				en,
				Base,
			);
			mainGroup = C81D16266DE773E22083782E;
			minimizedProjectReferenceProxies = 1;
			packageReferences = (
				7AE807852ED1BC4C008DD79B /* XCRemoteSwiftPackageReference "firebase-ios-sdk" */,
				7AE807862ED1C137008DD79B /* XCRemoteSwiftPackageReference "GoogleSignIn-iOS" */,
			);
			preferredProjectObjectVersion = 77;
			productRefGroup = E8774369B3FD61708837337D /* Products */;
			projectDirPath = "";
			projectRoot = "";
			targets = (
				73600FDFE246F379D25D29D9 /* iosApp */,
			);
		};
/* End PBXProject section */

/* Begin PBXResourcesBuildPhase section */
		B02F9C33EF01633E0AFD361B /* Resources */ = {
			isa = PBXResourcesBuildPhase;
			buildActionMask = 2147483647;
			files = (
			);
			runOnlyForDeploymentPostprocessing = 0;
		};
/* End PBXResourcesBuildPhase section */

/* Begin PBXShellScriptBuildPhase section */
		96F7E4C998AB7175AB3FB285 /* Compile Kotlin Framework */ = {
			isa = PBXShellScriptBuildPhase;
			alwaysOutOfDate = 1;
			buildActionMask = 2147483647;
			files = (
			);
			inputFileListPaths = (
			);
			inputPaths = (
			);
			name = "Compile Kotlin Framework";
			outputFileListPaths = (
			);
			outputPaths = (
			);
			runOnlyForDeploymentPostprocessing = 0;
			shellPath = /bin/sh;
			shellScript = "if [ \"YES\" = \"$OVERRIDE_KOTLIN_BUILD_IDE_SUPPORTED\" ]; then\n  echo \"Skipping Gradle build task invocation due to OVERRIDE_KOTLIN_BUILD_IDE_SUPPORTED environment variable set to \\\"YES\\\"\"\n  exit 0\nfi\ncd \"$SRCROOT/..\"\n./gradlew :composeApp:embedAndSignAppleFrameworkForXcode\n";
		};
/* End PBXShellScriptBuildPhase section */

/* Begin PBXSourcesBuildPhase section */
		6170F2A30E2D5D09D2C9CEF0 /* Sources */ = {
			isa = PBXSourcesBuildPhase;
			buildActionMask = 2147483647;
			files = (
			);
			runOnlyForDeploymentPostprocessing = 0;
		};
/* End PBXSourcesBuildPhase section */

/* Begin XCBuildConfiguration section */
		6F5E550CA6923B018218D024 /* Debug */ = {
			isa = XCBuildConfiguration;
			buildSettings = {
				ASSETCATALOG_COMPILER_APPICON_NAME = AppIcon;
				ASSETCATALOG_COMPILER_GLOBAL_ACCENT_COLOR_NAME = AccentColor;
				CODE_SIGN_IDENTITY = "Apple Development";
				CODE_SIGN_STYLE = Automatic;
				DEVELOPMENT_ASSET_PATHS = "\"iosApp/Preview Content\"";
				DEVELOPMENT_TEAM = 3V2R4684RL;
				ENABLE_PREVIEWS = YES;
				GENERATE_INFOPLIST_FILE = YES;
				INFOPLIST_FILE = iosApp/Info.plist;
				INFOPLIST_KEY_CFBundleDisplayName = "Discipline app";
				INFOPLIST_KEY_LSApplicationCategoryType = "public.app-category.productivity";
				INFOPLIST_KEY_UIApplicationSceneManifest_Generation = YES;
				INFOPLIST_KEY_UIApplicationSupportsIndirectInputEvents = YES;
				INFOPLIST_KEY_UILaunchScreen_Generation = YES;
				INFOPLIST_KEY_UISupportedInterfaceOrientations_iPad = "UIInterfaceOrientationPortrait UIInterfaceOrientationPortraitUpsideDown UIInterfaceOrientationLandscapeLeft UIInterfaceOrientationLandscapeRight";
				INFOPLIST_KEY_UISupportedInterfaceOrientations_iPhone = "UIInterfaceOrientationPortrait UIInterfaceOrientationLandscapeLeft UIInterfaceOrientationLandscapeRight";
				LD_RUNPATH_SEARCH_PATHS = (
					"$(inherited)",
					"@executable_path/Frameworks",
				);
				SUPPORTED_PLATFORMS = "iphoneos iphonesimulator";
				SUPPORTS_MACCATALYST = NO;
				SUPPORTS_MAC_DESIGNED_FOR_IPHONE_IPAD = NO;
				SUPPORTS_XR_DESIGNED_FOR_IPHONE_IPAD = NO;
				SWIFT_EMIT_LOC_STRINGS = YES;
				SWIFT_VERSION = 5.0;
				TARGETED_DEVICE_FAMILY = "1,2";
			};
			name = Debug;
		};
		70054215DAD9D7FAD941DEF3 /* Release */ = {
			isa = XCBuildConfiguration;
			baseConfigurationReferenceAnchor = 83A3738F862476E206726180 /* Configuration */;
			baseConfigurationReferenceRelativePath = Config.xcconfig;
			buildSettings = {
				ALWAYS_SEARCH_USER_PATHS = NO;
				ASSETCATALOG_COMPILER_GENERATE_SWIFT_ASSET_SYMBOL_EXTENSIONS = YES;
				CLANG_ANALYZER_NONNULL = YES;
				CLANG_ANALYZER_NUMBER_OBJECT_CONVERSION = YES_AGGRESSIVE;
				CLANG_CXX_LANGUAGE_STANDARD = "gnu++20";
				CLANG_ENABLE_MODULES = YES;
				CLANG_ENABLE_OBJC_ARC = YES;
				CLANG_ENABLE_OBJC_WEAK = YES;
				CLANG_WARN_BLOCK_CAPTURE_AUTORELEASING = YES;
				CLANG_WARN_BOOL_CONVERSION = YES;
				CLANG_WARN_COMMA = YES;
				CLANG_WARN_CONSTANT_CONVERSION = YES;
				CLANG_WARN_DEPRECATED_OBJC_IMPLEMENTATIONS = YES;
				CLANG_WARN_DIRECT_OBJC_ISA_USAGE = YES_ERROR;
				CLANG_WARN_DOCUMENTATION_COMMENTS = YES;
				CLANG_WARN_EMPTY_BODY = YES;
				CLANG_WARN_ENUM_CONVERSION = YES;
				CLANG_WARN_INFINITE_RECURSION = YES;
				CLANG_WARN_INT_CONVERSION = YES;
				CLANG_WARN_NON_LITERAL_NULL_CONVERSION = YES;
				CLANG_WARN_OBJC_IMPLICIT_RETAIN_SELF = YES;
				CLANG_WARN_OBJC_LITERAL_CONVERSION = YES;
				CLANG_WARN_OBJC_ROOT_CLASS = YES_ERROR;
				CLANG_WARN_QUOTED_INCLUDE_IN_FRAMEWORK_HEADER = YES;
				CLANG_WARN_RANGE_LOOP_ANALYSIS = YES;
				CLANG_WARN_STRICT_PROTOTYPES = YES;
				CLANG_WARN_SUSPICIOUS_MOVE = YES;
				CLANG_WARN_UNGUARDED_AVAILABILITY = YES_AGGRESSIVE;
				CLANG_WARN_UNREACHABLE_CODE = YES;
				CLANG_WARN__DUPLICATE_METHOD_MATCH = YES;
				COPY_PHASE_STRIP = NO;
				DEBUG_INFORMATION_FORMAT = "dwarf-with-dsym";
				DEVELOPMENT_TEAM = 3V2R4684RL;
				ENABLE_NS_ASSERTIONS = NO;
				ENABLE_STRICT_OBJC_MSGSEND = YES;
				ENABLE_USER_SCRIPT_SANDBOXING = NO;
				GCC_C_LANGUAGE_STANDARD = gnu17;
				GCC_NO_COMMON_BLOCKS = YES;
				GCC_WARN_64_TO_32_BIT_CONVERSION = YES;
				GCC_WARN_ABOUT_RETURN_TYPE = YES_ERROR;
				GCC_WARN_UNDECLARED_SELECTOR = YES;
				GCC_WARN_UNINITIALIZED_AUTOS = YES_AGGRESSIVE;
				GCC_WARN_UNUSED_FUNCTION = YES;
				GCC_WARN_UNUSED_VARIABLE = YES;
				IPHONEOS_DEPLOYMENT_TARGET = 18.2;
				LOCALIZATION_PREFERS_STRING_CATALOGS = YES;
				MTL_ENABLE_DEBUG_INFO = NO;
				MTL_FAST_MATH = YES;
				SDKROOT = iphoneos;
				SWIFT_COMPILATION_MODE = wholemodule;
				VALIDATE_PRODUCT = YES;
			};
			name = Release;
		};
		913BC87AC665C60DFC1A01B7 /* Debug */ = {
			isa = XCBuildConfiguration;
			baseConfigurationReferenceAnchor = 83A3738F862476E206726180 /* Configuration */;
			baseConfigurationReferenceRelativePath = Config.xcconfig;
			buildSettings = {
				ALWAYS_SEARCH_USER_PATHS = NO;
				ASSETCATALOG_COMPILER_GENERATE_SWIFT_ASSET_SYMBOL_EXTENSIONS = YES;
				CLANG_ANALYZER_NONNULL = YES;
				CLANG_ANALYZER_NUMBER_OBJECT_CONVERSION = YES_AGGRESSIVE;
				CLANG_CXX_LANGUAGE_STANDARD = "gnu++20";
				CLANG_ENABLE_MODULES = YES;
				CLANG_ENABLE_OBJC_ARC = YES;
				CLANG_ENABLE_OBJC_WEAK = YES;
				CLANG_WARN_BLOCK_CAPTURE_AUTORELEASING = YES;
				CLANG_WARN_BOOL_CONVERSION = YES;
				CLANG_WARN_COMMA = YES;
				CLANG_WARN_CONSTANT_CONVERSION = YES;
				CLANG_WARN_DEPRECATED_OBJC_IMPLEMENTATIONS = YES;
				CLANG_WARN_DIRECT_OBJC_ISA_USAGE = YES_ERROR;
				CLANG_WARN_DOCUMENTATION_COMMENTS = YES;
				CLANG_WARN_EMPTY_BODY = YES;
				CLANG_WARN_ENUM_CONVERSION = YES;
				CLANG_WARN_INFINITE_RECURSION = YES;
				CLANG_WARN_INT_CONVERSION = YES;
				CLANG_WARN_NON_LITERAL_NULL_CONVERSION = YES;
				CLANG_WARN_OBJC_IMPLICIT_RETAIN_SELF = YES;
				CLANG_WARN_OBJC_LITERAL_CONVERSION = YES;
				CLANG_WARN_OBJC_ROOT_CLASS = YES_ERROR;
				CLANG_WARN_QUOTED_INCLUDE_IN_FRAMEWORK_HEADER = YES;
				CLANG_WARN_RANGE_LOOP_ANALYSIS = YES;
				CLANG_WARN_STRICT_PROTOTYPES = YES;
				CLANG_WARN_SUSPICIOUS_MOVE = YES;
				CLANG_WARN_UNGUARDED_AVAILABILITY = YES_AGGRESSIVE;
				CLANG_WARN_UNREACHABLE_CODE = YES;
				CLANG_WARN__DUPLICATE_METHOD_MATCH = YES;
				COPY_PHASE_STRIP = NO;
				DEBUG_INFORMATION_FORMAT = dwarf;
				DEVELOPMENT_TEAM = 3V2R4684RL;
				ENABLE_STRICT_OBJC_MSGSEND = YES;
				ENABLE_TESTABILITY = YES;
				ENABLE_USER_SCRIPT_SANDBOXING = NO;
				GCC_C_LANGUAGE_STANDARD = gnu17;
				GCC_DYNAMIC_NO_PIC = NO;
				GCC_NO_COMMON_BLOCKS = YES;
				GCC_OPTIMIZATION_LEVEL = 0;
				GCC_PREPROCESSOR_DEFINITIONS = (
					"DEBUG=1",
					"$(inherited)",
				);
				GCC_WARN_64_TO_32_BIT_CONVERSION = YES;
				GCC_WARN_ABOUT_RETURN_TYPE = YES_ERROR;
				GCC_WARN_UNDECLARED_SELECTOR = YES;
				GCC_WARN_UNINITIALIZED_AUTOS = YES_AGGRESSIVE;
				GCC_WARN_UNUSED_FUNCTION = YES;
				GCC_WARN_UNUSED_VARIABLE = YES;
				IPHONEOS_DEPLOYMENT_TARGET = 18.2;
				LOCALIZATION_PREFERS_STRING_CATALOGS = YES;
				MTL_ENABLE_DEBUG_INFO = INCLUDE_SOURCE;
				MTL_FAST_MATH = YES;
				ONLY_ACTIVE_ARCH = YES;
				SDKROOT = iphoneos;
				SWIFT_ACTIVE_COMPILATION_CONDITIONS = "DEBUG $(inherited)";
				SWIFT_OPTIMIZATION_LEVEL = "-Onone";
			};
			name = Debug;
		};
		DDA31D073984FFBC91922877 /* Release */ = {
			isa = XCBuildConfiguration;
			buildSettings = {
				ASSETCATALOG_COMPILER_APPICON_NAME = AppIcon;
				ASSETCATALOG_COMPILER_GLOBAL_ACCENT_COLOR_NAME = AccentColor;
				CODE_SIGN_IDENTITY = "Apple Development";
				CODE_SIGN_STYLE = Automatic;
				DEVELOPMENT_ASSET_PATHS = "\"iosApp/Preview Content\"";
				ENABLE_PREVIEWS = YES;
				GENERATE_INFOPLIST_FILE = YES;
				INFOPLIST_FILE = iosApp/Info.plist;
				INFOPLIST_KEY_CFBundleDisplayName = "Discipline app";
				INFOPLIST_KEY_LSApplicationCategoryType = "public.app-category.productivity";
				INFOPLIST_KEY_UIApplicationSceneManifest_Generation = YES;
				INFOPLIST_KEY_UIApplicationSupportsIndirectInputEvents = YES;
				INFOPLIST_KEY_UILaunchScreen_Generation = YES;
				INFOPLIST_KEY_UISupportedInterfaceOrientations_iPad = "UIInterfaceOrientationPortrait UIInterfaceOrientationPortraitUpsideDown UIInterfaceOrientationLandscapeLeft UIInterfaceOrientationLandscapeRight";
				INFOPLIST_KEY_UISupportedInterfaceOrientations_iPhone = "UIInterfaceOrientationPortrait UIInterfaceOrientationLandscapeLeft UIInterfaceOrientationLandscapeRight";
				LD_RUNPATH_SEARCH_PATHS = (
					"$(inherited)",
					"@executable_path/Frameworks",
				);
				SUPPORTED_PLATFORMS = "iphoneos iphonesimulator";
				SUPPORTS_MACCATALYST = NO;
				SUPPORTS_MAC_DESIGNED_FOR_IPHONE_IPAD = NO;
				SUPPORTS_XR_DESIGNED_FOR_IPHONE_IPAD = NO;
				SWIFT_EMIT_LOC_STRINGS = YES;
				SWIFT_VERSION = 5.0;
				TARGETED_DEVICE_FAMILY = "1,2";
			};
			name = Release;
		};
/* End XCBuildConfiguration section */

/* Begin XCConfigurationList section */
		9A48B848B2D525FD578A5C10 /* Build configuration list for PBXProject "iosApp" */ = {
			isa = XCConfigurationList;
			buildConfigurations = (
				913BC87AC665C60DFC1A01B7 /* Debug */,
				70054215DAD9D7FAD941DEF3 /* Release */,
			);
			defaultConfigurationIsVisible = 0;
			defaultConfigurationName = Release;
		};
		B1348A50FF39E13CCF4243C3 /* Build configuration list for PBXNativeTarget "iosApp" */ = {
			isa = XCConfigurationList;
			buildConfigurations = (
				6F5E550CA6923B018218D024 /* Debug */,
				DDA31D073984FFBC91922877 /* Release */,
			);
			defaultConfigurationIsVisible = 0;
			defaultConfigurationName = Release;
		};
/* End XCConfigurationList section */

/* Begin XCRemoteSwiftPackageReference section */
		7AE807852ED1BC4C008DD79B /* XCRemoteSwiftPackageReference "firebase-ios-sdk" */ = {
			isa = XCRemoteSwiftPackageReference;
			repositoryURL = "https://github.com/firebase/firebase-ios-sdk";
			requirement = {
				kind = upToNextMajorVersion;
				minimumVersion = 12.6.0;
			};
		};
		7AE807862ED1C137008DD79B /* XCRemoteSwiftPackageReference "GoogleSignIn-iOS" */ = {
			isa = XCRemoteSwiftPackageReference;
			repositoryURL = "https://github.com/google/GoogleSignIn-iOS";
			requirement = {
				kind = upToNextMajorVersion;
				minimumVersion = 9.0.0;
			};
		};
/* End XCRemoteSwiftPackageReference section */

/* Begin XCSwiftPackageProductDependency section */
		7AB23DC22ED349C1002567D2 /* FirebaseAI */ = {
			isa = XCSwiftPackageProductDependency;
			package = 7AE807852ED1BC4C008DD79B /* XCRemoteSwiftPackageReference "firebase-ios-sdk" */;
			productName = FirebaseAI;
		};
		7AB23DC42ED349C1002567D2 /* FirebaseAnalytics */ = {
			isa = XCSwiftPackageProductDependency;
			package = 7AE807852ED1BC4C008DD79B /* XCRemoteSwiftPackageReference "firebase-ios-sdk" */;
			productName = FirebaseAnalytics;
		};
		7AB23DC62ED349C1002567D2 /* FirebaseAuth */ = {
			isa = XCSwiftPackageProductDependency;
			package = 7AE807852ED1BC4C008DD79B /* XCRemoteSwiftPackageReference "firebase-ios-sdk" */;
			productName = FirebaseAuth;
		};
		7AB23DC82ED349C1002567D2 /* FirebaseCore */ = {
			isa = XCSwiftPackageProductDependency;
			package = 7AE807852ED1BC4C008DD79B /* XCRemoteSwiftPackageReference "firebase-ios-sdk" */;
			productName = FirebaseCore;
		};
		7AB23DCA2ED349C1002567D2 /* FirebaseCrashlytics */ = {
			isa = XCSwiftPackageProductDependency;
			package = 7AE807852ED1BC4C008DD79B /* XCRemoteSwiftPackageReference "firebase-ios-sdk" */;
			productName = FirebaseCrashlytics;
		};
		7AB23DCC2ED349C1002567D2 /* FirebaseFirestore */ = {
			isa = XCSwiftPackageProductDependency;
			package = 7AE807852ED1BC4C008DD79B /* XCRemoteSwiftPackageReference "firebase-ios-sdk" */;
			productName = FirebaseFirestore;
		};
		7AB23DCE2ED349C1002567D2 /* FirebaseFunctions */ = {
			isa = XCSwiftPackageProductDependency;
			package = 7AE807852ED1BC4C008DD79B /* XCRemoteSwiftPackageReference "firebase-ios-sdk" */;
			productName = FirebaseFunctions;
		};
		7AB23DD02ED349C1002567D2 /* FirebaseFunctionsCombine-Community */ = {
			isa = XCSwiftPackageProductDependency;
			package = 7AE807852ED1BC4C008DD79B /* XCRemoteSwiftPackageReference "firebase-ios-sdk" */;
			productName = "FirebaseFunctionsCombine-Community";
		};
		7AB23DD22ED349C1002567D2 /* FirebaseStorage */ = {
			isa = XCSwiftPackageProductDependency;
			package = 7AE807852ED1BC4C008DD79B /* XCRemoteSwiftPackageReference "firebase-ios-sdk" */;
			productName = FirebaseStorage;
		};
		7AE807872ED1C137008DD79B /* GoogleSignIn */ = {
			isa = XCSwiftPackageProductDependency;
			package = 7AE807862ED1C137008DD79B /* XCRemoteSwiftPackageReference "GoogleSignIn-iOS" */;
			productName = GoogleSignIn;
		};
		7AE807892ED1C137008DD79B /* GoogleSignInSwift */ = {
			isa = XCSwiftPackageProductDependency;
			package = 7AE807862ED1C137008DD79B /* XCRemoteSwiftPackageReference "GoogleSignIn-iOS" */;
			productName = GoogleSignInSwift;
		};
/* End XCSwiftPackageProductDependency section */
	};
	rootObject = 466F396392214C824F0E6F1A /* Project object */;
}
