// !$*UTF8*$!
{
	archiveVersion = 1;
	classes = {
	};
	objectVersion = 77;
	objects = {

/* Begin PBXBuildFile section */
		7AB23DC32ED349C1002567D2 /* FirebaseAI in Frameworks */ = {isa = PBXBuildFile; productRef = 7AB23DC22ED349C1002567D2 /* FirebaseAI */; };
		7AB23DC52ED349C1002567D2 /* FirebaseAnalytics in Frameworks */ = {isa = PBXBuildFile; productRef = 7AB23DC42ED349C1002567D2 /* FirebaseAnalytics */; };
		7AB23DC72ED349C1002567D2 /* FirebaseAuth in Frameworks */ = {isa = PBXBuildFile; productRef = 7AB23DC62ED349C1002567D2 /* FirebaseAuth */; };
		7AB23DC92ED349C1002567D2 /* FirebaseCore in Frameworks */ = {isa = PBXBuildFile; productRef = 7AB23DC82ED349C1002567D2 /* FirebaseCore */; };
		7AB23DCB2ED349C1002567D2 /* FirebaseCrashlytics in Frameworks */ = {isa = PBXBuildFile; productRef = 7AB23DCA2ED349C1002567D2 /* FirebaseCrashlytics */; };
		7AB23DCD2ED349C1002567D2 /* FirebaseFirestore in Frameworks */ = {isa = PBXBuildFile; productRef = 7AB23DCC2ED349C1002567D2 /* FirebaseFirestore */; };
		7AB23DCF2ED349C1002567D2 /* FirebaseFunctions in Frameworks */ = {isa = PBXBuildFile; productRef = 7AB23DCE2ED349C1002567D2 /* FirebaseFunctions */; };
		7AB23DD12ED349C1002567D2 /* FirebaseFunctionsCombine-Community in Frameworks */ = {isa = PBXBuildFile; productRef = 7AB23DD02ED349C1002567D2 /* FirebaseFunctionsCombine-Community */; };
		7AB23DD32ED349C1002567D2 /* FirebaseStorage in Frameworks */ = {isa = PBXBuildFile; productRef = 7AB23DD22ED349C1002567D2 /* FirebaseStorage */; };
		7ABCAB512EE06FE30068FDBB /* ScreenTimeReportExtension.appex in Embed ExtensionKit Extensions */ = {isa = PBXBuildFile; fileRef = 7ABCAB452EE06FE30068FDBB /* ScreenTimeReportExtension.appex */; settings = {ATTRIBUTES = (RemoveHeadersOnCopy, ); }; };
		7ABCAB5E2EE0CA3E0068FDBB /* ManagedSettings.framework in Frameworks */ = {isa = PBXBuildFile; fileRef = 7ABCAB5D2EE0CA3E0068FDBB /* ManagedSettings.framework */; };
		7ABCAB662EE0CA3E0068FDBB /* CustomShieldExtension.appex in Embed Foundation Extensions */ = {isa = PBXBuildFile; fileRef = 7ABCAB5B2EE0CA3E0068FDBB /* CustomShieldExtension.appex */; settings = {ATTRIBUTES = (RemoveHeadersOnCopy, ); }; };
		7ABCAB712EE0CA6E0068FDBB /* ManagedSettings.framework in Frameworks */ = {isa = PBXBuildFile; fileRef = 7ABCAB5D2EE0CA3E0068FDBB /* ManagedSettings.framework */; };
		7ABCAB732EE0CA6E0068FDBB /* ManagedSettingsUI.framework in Frameworks */ = {isa = PBXBuildFile; fileRef = 7ABCAB722EE0CA6E0068FDBB /* ManagedSettingsUI.framework */; };
		7ABCAB7B2EE0CA6E0068FDBB /* CustomShieldConfiguration.appex in Embed Foundation Extensions */ = {isa = PBXBuildFile; fileRef = 7ABCAB702EE0CA6E0068FDBB /* CustomShieldConfiguration.appex */; settings = {ATTRIBUTES = (RemoveHeadersOnCopy, ); }; };
		7ABCAB862EE0CB0E0068FDBB /* DeviceActivity.framework in Frameworks */ = {isa = PBXBuildFile; fileRef = 7ABCAB852EE0CB0E0068FDBB /* DeviceActivity.framework */; };
		7ABCAB8E2EE0CB0E0068FDBB /* ActivityMonitorExtension.appex in Embed Foundation Extensions */ = {isa = PBXBuildFile; fileRef = 7ABCAB842EE0CB0E0068FDBB /* ActivityMonitorExtension.appex */; settings = {ATTRIBUTES = (RemoveHeadersOnCopy, ); }; };
		7AE807882ED1C137008DD79B /* GoogleSignIn in Frameworks */ = {isa = PBXBuildFile; productRef = 7AE807872ED1C137008DD79B /* GoogleSignIn */; };
		7AE8078A2ED1C137008DD79B /* GoogleSignInSwift in Frameworks */ = {isa = PBXBuildFile; productRef = 7AE807892ED1C137008DD79B /* GoogleSignInSwift */; };
/* End PBXBuildFile section */

/* Begin PBXContainerItemProxy section */
		7ABCAB4F2EE06FE30068FDBB /* PBXContainerItemProxy */ = {
			isa = PBXContainerItemProxy;
			containerPortal = 466F396392214C824F0E6F1A /* Project object */;
			proxyType = 1;
			remoteGlobalIDString = 7ABCAB442EE06FE30068FDBB;
			remoteInfo = ScreenTimeReportExtension;
		};
		7ABCAB642EE0CA3E0068FDBB /* PBXContainerItemProxy */ = {
			isa = PBXContainerItemProxy;
			containerPortal = 466F396392214C824F0E6F1A /* Project object */;
			proxyType = 1;
			remoteGlobalIDString = 7ABCAB5A2EE0CA3E0068FDBB;
			remoteInfo = CustomShieldExtension;
		};
		7ABCAB792EE0CA6E0068FDBB /* PBXContainerItemProxy */ = {
			isa = PBXContainerItemProxy;
			containerPortal = 466F396392214C824F0E6F1A /* Project object */;
			proxyType = 1;
			remoteGlobalIDString = 7ABCAB6F2EE0CA6E0068FDBB;
			remoteInfo = CustomShieldConfiguration;
		};
		7ABCAB8C2EE0CB0E0068FDBB /* PBXContainerItemProxy */ = {
			isa = PBXContainerItemProxy;
			containerPortal = 466F396392214C824F0E6F1A /* Project object */;
			proxyType = 1;
			remoteGlobalIDString = 7ABCAB832EE0CB0E0068FDBB;
			remoteInfo = ActivityMonitorExtension;
		};
/* End PBXContainerItemProxy section */

/* Begin PBXCopyFilesBuildPhase section */
		7ABCAB562EE06FE30068FDBB /* Embed ExtensionKit Extensions */ = {
			isa = PBXCopyFilesBuildPhase;
			buildActionMask = 2147483647;
			dstPath = "$(EXTENSIONS_FOLDER_PATH)";
			dstSubfolderSpec = 16;
			files = (
				7ABCAB512EE06FE30068FDBB /* ScreenTimeReportExtension.appex in Embed ExtensionKit Extensions */,
			);
			name = "Embed ExtensionKit Extensions";
			runOnlyForDeploymentPostprocessing = 0;
		};
		7ABCAB6B2EE0CA3E0068FDBB /* Embed Foundation Extensions */ = {
			isa = PBXCopyFilesBuildPhase;
			buildActionMask = 2147483647;
			dstPath = "";
			dstSubfolderSpec = 13;
			files = (
				7ABCAB662EE0CA3E0068FDBB /* CustomShieldExtension.appex in Embed Foundation Extensions */,
				7ABCAB7B2EE0CA6E0068FDBB /* CustomShieldConfiguration.appex in Embed Foundation Extensions */,
				7ABCAB8E2EE0CB0E0068FDBB /* ActivityMonitorExtension.appex in Embed Foundation Extensions */,
			);
			name = "Embed Foundation Extensions";
			runOnlyForDeploymentPostprocessing = 0;
		};
/* End PBXCopyFilesBuildPhase section */

/* Begin PBXFileReference section */
		7ABCAB452EE06FE30068FDBB /* ScreenTimeReportExtension.appex */ = {isa = PBXFileReference; explicitFileType = "wrapper.extensionkit-extension"; includeInIndex = 0; path = ScreenTimeReportExtension.appex; sourceTree = BUILT_PRODUCTS_DIR; };
		7ABCAB5B2EE0CA3E0068FDBB /* CustomShieldExtension.appex */ = {isa = PBXFileReference; explicitFileType = "wrapper.app-extension"; includeInIndex = 0; path = CustomShieldExtension.appex; sourceTree = BUILT_PRODUCTS_DIR; };
		7ABCAB5D2EE0CA3E0068FDBB /* ManagedSettings.framework */ = {isa = PBXFileReference; lastKnownFileType = wrapper.framework; name = ManagedSettings.framework; path = System/Library/Frameworks/ManagedSettings.framework; sourceTree = SDKROOT; };
		7ABCAB702EE0CA6E0068FDBB /* CustomShieldConfiguration.appex */ = {isa = PBXFileReference; explicitFileType = "wrapper.app-extension"; includeInIndex = 0; path = CustomShieldConfiguration.appex; sourceTree = BUILT_PRODUCTS_DIR; };
		7ABCAB722EE0CA6E0068FDBB /* ManagedSettingsUI.framework */ = {isa = PBXFileReference; lastKnownFileType = wrapper.framework; name = ManagedSettingsUI.framework; path = System/Library/Frameworks/ManagedSettingsUI.framework; sourceTree = SDKROOT; };
		7ABCAB842EE0CB0E0068FDBB /* ActivityMonitorExtension.appex */ = {isa = PBXFileReference; explicitFileType = "wrapper.app-extension"; includeInIndex = 0; path = ActivityMonitorExtension.appex; sourceTree = BUILT_PRODUCTS_DIR; };
		7ABCAB852EE0CB0E0068FDBB /* DeviceActivity.framework */ = {isa = PBXFileReference; lastKnownFileType = wrapper.framework; name = DeviceActivity.framework; path = System/Library/Frameworks/DeviceActivity.framework; sourceTree = SDKROOT; };
		F7FE2A72C6DD91F8AFDD5B54 /* DisciplineApp.app */ = {isa = PBXFileReference; explicitFileType = wrapper.application; includeInIndex = 0; path = DisciplineApp.app; sourceTree = BUILT_PRODUCTS_DIR; };
/* End PBXFileReference section */

/* Begin PBXFileSystemSynchronizedBuildFileExceptionSet section */
		7115560C91B7C459BF634AEC /* Exceptions for "iosApp" folder in "iosApp" target */ = {
			isa = PBXFileSystemSynchronizedBuildFileExceptionSet;
			membershipExceptions = (
				Info.plist,
				Untitled.swift,
			);
			target = 73600FDFE246F379D25D29D9 /* iosApp */;
		};
		7ABCAB552EE06FE30068FDBB /* Exceptions for "ScreenTimeReportExtension" folder in "ScreenTimeReportExtension" target */ = {
			isa = PBXFileSystemSynchronizedBuildFileExceptionSet;
			membershipExceptions = (
				Info.plist,
			);
			target = 7ABCAB442EE06FE30068FDBB /* ScreenTimeReportExtension */;
		};
		7ABCAB6A2EE0CA3E0068FDBB /* Exceptions for "CustomShieldExtension" folder in "CustomShieldExtension" target */ = {
			isa = PBXFileSystemSynchronizedBuildFileExceptionSet;
			membershipExceptions = (
				Info.plist,
			);
			target = 7ABCAB5A2EE0CA3E0068FDBB /* CustomShieldExtension */;
		};
		7ABCAB7F2EE0CA6E0068FDBB /* Exceptions for "CustomShieldConfiguration" folder in "CustomShieldConfiguration" target */ = {
			isa = PBXFileSystemSynchronizedBuildFileExceptionSet;
			membershipExceptions = (
				Info.plist,
			);
			target = 7ABCAB6F2EE0CA6E0068FDBB /* CustomShieldConfiguration */;
		};
		7ABCAB922EE0CB0E0068FDBB /* Exceptions for "ActivityMonitorExtension" folder in "ActivityMonitorExtension" target */ = {
			isa = PBXFileSystemSynchronizedBuildFileExceptionSet;
			membershipExceptions = (
				Info.plist,
			);
			target = 7ABCAB832EE0CB0E0068FDBB /* ActivityMonitorExtension */;
		};
/* End PBXFileSystemSynchronizedBuildFileExceptionSet section */

/* Begin PBXFileSystemSynchronizedRootGroup section */
		1F2A1C2BA26F727A92117307 /* iosApp */ = {
			isa = PBXFileSystemSynchronizedRootGroup;
			exceptions = (
				7115560C91B7C459BF634AEC /* Exceptions for "iosApp" folder in "iosApp" target */,
			);
			path = iosApp;
			sourceTree = "<group>";
		};
		7ABCAB462EE06FE30068FDBB /* ScreenTimeReportExtension */ = {
			isa = PBXFileSystemSynchronizedRootGroup;
			exceptions = (
				7ABCAB552EE06FE30068FDBB /* Exceptions for "ScreenTimeReportExtension" folder in "ScreenTimeReportExtension" target */,
			);
			path = ScreenTimeReportExtension;
			sourceTree = "<group>";
		};
		7ABCAB5F2EE0CA3E0068FDBB /* CustomShieldExtension */ = {
			isa = PBXFileSystemSynchronizedRootGroup;
			exceptions = (
				7ABCAB6A2EE0CA3E0068FDBB /* Exceptions for "CustomShieldExtension" folder in "CustomShieldExtension" target */,
			);
			path = CustomShieldExtension;
			sourceTree = "<group>";
		};
		7ABCAB742EE0CA6E0068FDBB /* CustomShieldConfiguration */ = {
			isa = PBXFileSystemSynchronizedRootGroup;
			exceptions = (
				7ABCAB7F2EE0CA6E0068FDBB /* Exceptions for "CustomShieldConfiguration" folder in "CustomShieldConfiguration" target */,
			);
			path = CustomShieldConfiguration;
			sourceTree = "<group>";
		};
		7ABCAB872EE0CB0E0068FDBB /* ActivityMonitorExtension */ = {
			isa = PBXFileSystemSynchronizedRootGroup;
			exceptions = (
				7ABCAB922EE0CB0E0068FDBB /* Exceptions for "ActivityMonitorExtension" folder in "ActivityMonitorExtension" target */,
			);
			path = ActivityMonitorExtension;
			sourceTree = "<group>";
		};
		83A3738F862476E206726180 /* Configuration */ = {
			isa = PBXFileSystemSynchronizedRootGroup;
			path = Configuration;
			sourceTree = "<group>";
		};
/* End PBXFileSystemSynchronizedRootGroup section */

/* Begin PBXFrameworksBuildPhase section */
		192E53E07892B0F4E306C676 /* Frameworks */ = {
			isa = PBXFrameworksBuildPhase;
			buildActionMask = 2147483647;
			files = (
				7AE807882ED1C137008DD79B /* GoogleSignIn in Frameworks */,
				7AB23DC72ED349C1002567D2 /* FirebaseAuth in Frameworks */,
				7AE8078A2ED1C137008DD79B /* GoogleSignInSwift in Frameworks */,
				7AB23DD12ED349C1002567D2 /* FirebaseFunctionsCombine-Community in Frameworks */,
				7AB23DCF2ED349C1002567D2 /* FirebaseFunctions in Frameworks */,
				7AB23DCB2ED349C1002567D2 /* FirebaseCrashlytics in Frameworks */,
				7AB23DC52ED349C1002567D2 /* FirebaseAnalytics in Frameworks */,
				7AB23DCD2ED349C1002567D2 /* FirebaseFirestore in Frameworks */,
				7AB23DD32ED349C1002567D2 /* FirebaseStorage in Frameworks */,
				7AB23DC92ED349C1002567D2 /* FirebaseCore in Frameworks */,
				7AB23DC32ED349C1002567D2 /* FirebaseAI in Frameworks */,
			);
			runOnlyForDeploymentPostprocessing = 0;
		};
		7ABCAB422EE06FE30068FDBB /* Frameworks */ = {
			isa = PBXFrameworksBuildPhase;
			buildActionMask = 2147483647;
			files = (
			);
			runOnlyForDeploymentPostprocessing = 0;
		};
		7ABCAB582EE0CA3E0068FDBB /* Frameworks */ = {
			isa = PBXFrameworksBuildPhase;
			buildActionMask = 2147483647;
			files = (
				7ABCAB5E2EE0CA3E0068FDBB /* ManagedSettings.framework in Frameworks */,
			);
			runOnlyForDeploymentPostprocessing = 0;
		};
		7ABCAB6D2EE0CA6E0068FDBB /* Frameworks */ = {
			isa = PBXFrameworksBuildPhase;
			buildActionMask = 2147483647;
			files = (
				7ABCAB712EE0CA6E0068FDBB /* ManagedSettings.framework in Frameworks */,
				7ABCAB732EE0CA6E0068FDBB /* ManagedSettingsUI.framework in Frameworks */,
			);
			runOnlyForDeploymentPostprocessing = 0;
		};
		7ABCAB812EE0CB0E0068FDBB /* Frameworks */ = {
			isa = PBXFrameworksBuildPhase;
			buildActionMask = 2147483647;
			files = (
				7ABCAB862EE0CB0E0068FDBB /* DeviceActivity.framework in Frameworks */,
			);
			runOnlyForDeploymentPostprocessing = 0;
		};
/* End PBXFrameworksBuildPhase section */

/* Begin PBXGroup section */
		7ABCAB5C2EE0CA3E0068FDBB /* Frameworks */ = {
			isa = PBXGroup;
			children = (
				7ABCAB5D2EE0CA3E0068FDBB /* ManagedSettings.framework */,
				7ABCAB722EE0CA6E0068FDBB /* ManagedSettingsUI.framework */,
				7ABCAB852EE0CB0E0068FDBB /* DeviceActivity.framework */,
			);
			name = Frameworks;
			sourceTree = "<group>";
		};
		C81D16266DE773E22083782E = {
			isa = PBXGroup;
			children = (
				83A3738F862476E206726180 /* Configuration */,
				1F2A1C2BA26F727A92117307 /* iosApp */,
				7ABCAB462EE06FE30068FDBB /* ScreenTimeReportExtension */,
				7ABCAB5F2EE0CA3E0068FDBB /* CustomShieldExtension */,
				7ABCAB742EE0CA6E0068FDBB /* CustomShieldConfiguration */,
				7ABCAB872EE0CB0E0068FDBB /* ActivityMonitorExtension */,
				7ABCAB5C2EE0CA3E0068FDBB /* Frameworks */,
				E8774369B3FD61708837337D /* Products */,
			);
			sourceTree = "<group>";
		};
		E8774369B3FD61708837337D /* Products */ = {
			isa = PBXGroup;
			children = (
				F7FE2A72C6DD91F8AFDD5B54 /* DisciplineApp.app */,
				7ABCAB452EE06FE30068FDBB /* ScreenTimeReportExtension.appex */,
				7ABCAB5B2EE0CA3E0068FDBB /* CustomShieldExtension.appex */,
				7ABCAB702EE0CA6E0068FDBB /* CustomShieldConfiguration.appex */,
				7ABCAB842EE0CB0E0068FDBB /* ActivityMonitorExtension.appex */,
			);
			name = Products;
			sourceTree = "<group>";
		};
/* End PBXGroup section */

/* Begin PBXNativeTarget section */
		73600FDFE246F379D25D29D9 /* iosApp */ = {
			isa = PBXNativeTarget;
			buildConfigurationList = B1348A50FF39E13CCF4243C3 /* Build configuration list for PBXNativeTarget "iosApp" */;
			buildPhases = (
				96F7E4C998AB7175AB3FB285 /* Compile Kotlin Framework */,
				6170F2A30E2D5D09D2C9CEF0 /* Sources */,
				192E53E07892B0F4E306C676 /* Frameworks */,
				B02F9C33EF01633E0AFD361B /* Resources */,
				7ABCAB562EE06FE30068FDBB /* Embed ExtensionKit Extensions */,
				7ABCAB6B2EE0CA3E0068FDBB /* Embed Foundation Extensions */,
			);
			buildRules = (
			);
			dependencies = (
				7ABCAB502EE06FE30068FDBB /* PBXTargetDependency */,
				7ABCAB652EE0CA3E0068FDBB /* PBXTargetDependency */,
				7ABCAB7A2EE0CA6E0068FDBB /* PBXTargetDependency */,
				7ABCAB8D2EE0CB0E0068FDBB /* PBXTargetDependency */,
			);
			fileSystemSynchronizedGroups = (
				1F2A1C2BA26F727A92117307 /* iosApp */,
			);
			name = iosApp;
			packageProductDependencies = (
				7AE807872ED1C137008DD79B /* GoogleSignIn */,
				7AE807892ED1C137008DD79B /* GoogleSignInSwift */,
				7AB23DC22ED349C1002567D2 /* FirebaseAI */,
				7AB23DC42ED349C1002567D2 /* FirebaseAnalytics */,
				7AB23DC62ED349C1002567D2 /* FirebaseAuth */,
				7AB23DC82ED349C1002567D2 /* FirebaseCore */,
				7AB23DCA2ED349C1002567D2 /* FirebaseCrashlytics */,
				7AB23DCC2ED349C1002567D2 /* FirebaseFirestore */,
				7AB23DCE2ED349C1002567D2 /* FirebaseFunctions */,
				7AB23DD02ED349C1002567D2 /* FirebaseFunctionsCombine-Community */,
				7AB23DD22ED349C1002567D2 /* FirebaseStorage */,
			);
			productName = iosApp;
			productReference = F7FE2A72C6DD91F8AFDD5B54 /* DisciplineApp.app */;
			productType = "com.apple.product-type.application";
		};
		7ABCAB442EE06FE30068FDBB /* ScreenTimeReportExtension */ = {
			isa = PBXNativeTarget;
			buildConfigurationList = 7ABCAB522EE06FE30068FDBB /* Build configuration list for PBXNativeTarget "ScreenTimeReportExtension" */;
			buildPhases = (
				7ABCAB412EE06FE30068FDBB /* Sources */,
				7ABCAB422EE06FE30068FDBB /* Frameworks */,
				7ABCAB432EE06FE30068FDBB /* Resources */,
			);
			buildRules = (
			);
			dependencies = (
			);
			fileSystemSynchronizedGroups = (
				7ABCAB462EE06FE30068FDBB /* ScreenTimeReportExtension */,
			);
			name = ScreenTimeReportExtension;
			packageProductDependencies = (
			);
			productName = ScreenTimeReportExtension;
			productReference = 7ABCAB452EE06FE30068FDBB /* ScreenTimeReportExtension.appex */;
			productType = "com.apple.product-type.extensionkit-extension";
		};
		7ABCAB5A2EE0CA3E0068FDBB /* CustomShieldExtension */ = {
			isa = PBXNativeTarget;
			buildConfigurationList = 7ABCAB672EE0CA3E0068FDBB /* Build configuration list for PBXNativeTarget "CustomShieldExtension" */;
			buildPhases = (
				7ABCAB572EE0CA3E0068FDBB /* Sources */,
				7ABCAB582EE0CA3E0068FDBB /* Frameworks */,
				7ABCAB592EE0CA3E0068FDBB /* Resources */,
			);
			buildRules = (
			);
			dependencies = (
			);
			fileSystemSynchronizedGroups = (
				7ABCAB5F2EE0CA3E0068FDBB /* CustomShieldExtension */,
			);
			name = CustomShieldExtension;
			packageProductDependencies = (
			);
			productName = CustomShieldExtension;
			productReference = 7ABCAB5B2EE0CA3E0068FDBB /* CustomShieldExtension.appex */;
			productType = "com.apple.product-type.app-extension";
		};
		7ABCAB6F2EE0CA6E0068FDBB /* CustomShieldConfiguration */ = {
			isa = PBXNativeTarget;
			buildConfigurationList = 7ABCAB7C2EE0CA6E0068FDBB /* Build configuration list for PBXNativeTarget "CustomShieldConfiguration" */;
			buildPhases = (
				7ABCAB6C2EE0CA6E0068FDBB /* Sources */,
				7ABCAB6D2EE0CA6E0068FDBB /* Frameworks */,
				7ABCAB6E2EE0CA6E0068FDBB /* Resources */,
			);
			buildRules = (
			);
			dependencies = (
			);
			fileSystemSynchronizedGroups = (
				7ABCAB742EE0CA6E0068FDBB /* CustomShieldConfiguration */,
			);
			name = CustomShieldConfiguration;
			packageProductDependencies = (
			);
			productName = CustomShieldConfiguration;
			productReference = 7ABCAB702EE0CA6E0068FDBB /* CustomShieldConfiguration.appex */;
			productType = "com.apple.product-type.app-extension";
		};
		7ABCAB832EE0CB0E0068FDBB /* ActivityMonitorExtension */ = {
			isa = PBXNativeTarget;
			buildConfigurationList = 7ABCAB8F2EE0CB0E0068FDBB /* Build configuration list for PBXNativeTarget "ActivityMonitorExtension" */;
			buildPhases = (
				7ABCAB802EE0CB0E0068FDBB /* Sources */,
				7ABCAB812EE0CB0E0068FDBB /* Frameworks */,
				7ABCAB822EE0CB0E0068FDBB /* Resources */,
			);
			buildRules = (
			);
			dependencies = (
			);
			fileSystemSynchronizedGroups = (
				7ABCAB872EE0CB0E0068FDBB /* ActivityMonitorExtension */,
			);
			name = ActivityMonitorExtension;
			packageProductDependencies = (
			);
			productName = ActivityMonitorExtension;
			productReference = 7ABCAB842EE0CB0E0068FDBB /* ActivityMonitorExtension.appex */;
			productType = "com.apple.product-type.app-extension";
		};
/* End PBXNativeTarget section */

/* Begin PBXProject section */
		466F396392214C824F0E6F1A /* Project object */ = {
			isa = PBXProject;
			attributes = {
				BuildIndependentTargetsInParallel = 1;
				LastSwiftUpdateCheck = 1640;
				LastUpgradeCheck = 1640;
				TargetAttributes = {
					73600FDFE246F379D25D29D9 = {
						CreatedOnToolsVersion = 16.2;
					};
					7ABCAB442EE06FE30068FDBB = {
						CreatedOnToolsVersion = 16.4;
					};
					7ABCAB5A2EE0CA3E0068FDBB = {
						CreatedOnToolsVersion = 16.4;
					};
					7ABCAB6F2EE0CA6E0068FDBB = {
						CreatedOnToolsVersion = 16.4;
					};
					7ABCAB832EE0CB0E0068FDBB = {
						CreatedOnToolsVersion = 16.4;
					};
				};
			};
			buildConfigurationList = 9A48B848B2D525FD578A5C10 /* Build configuration list for PBXProject "iosApp" */;
			developmentRegion = en;
			hasScannedForEncodings = 0;
			knownRegions = (
				en,
				Base,
			);
			mainGroup = C81D16266DE773E22083782E;
			minimizedProjectReferenceProxies = 1;
			packageReferences = (
				7AE807852ED1BC4C008DD79B /* XCRemoteSwiftPackageReference "firebase-ios-sdk" */,
				7AE807862ED1C137008DD79B /* XCRemoteSwiftPackageReference "GoogleSignIn-iOS" */,
			);
			preferredProjectObjectVersion = 77;
			productRefGroup = E8774369B3FD61708837337D /* Products */;
			projectDirPath = "";
			projectRoot = "";
			targets = (
				73600FDFE246F379D25D29D9 /* iosApp */,
				7ABCAB442EE06FE30068FDBB /* ScreenTimeReportExtension */,
				7ABCAB5A2EE0CA3E0068FDBB /* CustomShieldExtension */,
				7ABCAB6F2EE0CA6E0068FDBB /* CustomShieldConfiguration */,
				7ABCAB832EE0CB0E0068FDBB /* ActivityMonitorExtension */,
			);
		};
/* End PBXProject section */

/* Begin PBXResourcesBuildPhase section */
		7ABCAB432EE06FE30068FDBB /* Resources */ = {
			isa = PBXResourcesBuildPhase;
			buildActionMask = 2147483647;
			files = (
			);
			runOnlyForDeploymentPostprocessing = 0;
		};
		7ABCAB592EE0CA3E0068FDBB /* Resources */ = {
			isa = PBXResourcesBuildPhase;
			buildActionMask = 2147483647;
			files = (
			);
			runOnlyForDeploymentPostprocessing = 0;
		};
		7ABCAB6E2EE0CA6E0068FDBB /* Resources */ = {
			isa = PBXResourcesBuildPhase;
			buildActionMask = 2147483647;
			files = (
			);
			runOnlyForDeploymentPostprocessing = 0;
		};
		7ABCAB822EE0CB0E0068FDBB /* Resources */ = {
			isa = PBXResourcesBuildPhase;
			buildActionMask = 2147483647;
			files = (
			);
			runOnlyForDeploymentPostprocessing = 0;
		};
		B02F9C33EF01633E0AFD361B /* Resources */ = {
			isa = PBXResourcesBuildPhase;
			buildActionMask = 2147483647;
			files = (
			);
			runOnlyForDeploymentPostprocessing = 0;
		};
/* End PBXResourcesBuildPhase section */

/* Begin PBXShellScriptBuildPhase section */
		96F7E4C998AB7175AB3FB285 /* Compile Kotlin Framework */ = {
			isa = PBXShellScriptBuildPhase;
			alwaysOutOfDate = 1;
			buildActionMask = 2147483647;
			files = (
			);
			inputFileListPaths = (
			);
			inputPaths = (
			);
			name = "Compile Kotlin Framework";
			outputFileListPaths = (
			);
			outputPaths = (
			);
			runOnlyForDeploymentPostprocessing = 0;
			shellPath = /bin/sh;
			shellScript = "if [ \"YES\" = \"$OVERRIDE_KOTLIN_BUILD_IDE_SUPPORTED\" ]; then\n  echo \"Skipping Gradle build task invocation due to OVERRIDE_KOTLIN_BUILD_IDE_SUPPORTED environment variable set to \\\"YES\\\"\"\n  exit 0\nfi\ncd \"$SRCROOT/..\"\n./gradlew :composeApp:embedAndSignAppleFrameworkForXcode\n";
		};
/* End PBXShellScriptBuildPhase section */

/* Begin PBXSourcesBuildPhase section */
		6170F2A30E2D5D09D2C9CEF0 /* Sources */ = {
			isa = PBXSourcesBuildPhase;
			buildActionMask = 2147483647;
			files = (
			);
			runOnlyForDeploymentPostprocessing = 0;
		};
		7ABCAB412EE06FE30068FDBB /* Sources */ = {
			isa = PBXSourcesBuildPhase;
			buildActionMask = 2147483647;
			files = (
			);
			runOnlyForDeploymentPostprocessing = 0;
		};
		7ABCAB572EE0CA3E0068FDBB /* Sources */ = {
			isa = PBXSourcesBuildPhase;
			buildActionMask = 2147483647;
			files = (
			);
			runOnlyForDeploymentPostprocessing = 0;
		};
		7ABCAB6C2EE0CA6E0068FDBB /* Sources */ = {
			isa = PBXSourcesBuildPhase;
			buildActionMask = 2147483647;
			files = (
			);
			runOnlyForDeploymentPostprocessing = 0;
		};
		7ABCAB802EE0CB0E0068FDBB /* Sources */ = {
			isa = PBXSourcesBuildPhase;
			buildActionMask = 2147483647;
			files = (
			);
			runOnlyForDeploymentPostprocessing = 0;
		};
/* End PBXSourcesBuildPhase section */

/* Begin PBXTargetDependency section */
		7ABCAB502EE06FE30068FDBB /* PBXTargetDependency */ = {
			isa = PBXTargetDependency;
			target = 7ABCAB442EE06FE30068FDBB /* ScreenTimeReportExtension */;
			targetProxy = 7ABCAB4F2EE06FE30068FDBB /* PBXContainerItemProxy */;
		};
		7ABCAB652EE0CA3E0068FDBB /* PBXTargetDependency */ = {
			isa = PBXTargetDependency;
			target = 7ABCAB5A2EE0CA3E0068FDBB /* CustomShieldExtension */;
			targetProxy = 7ABCAB642EE0CA3E0068FDBB /* PBXContainerItemProxy */;
		};
		7ABCAB7A2EE0CA6E0068FDBB /* PBXTargetDependency */ = {
			isa = PBXTargetDependency;
			target = 7ABCAB6F2EE0CA6E0068FDBB /* CustomShieldConfiguration */;
			targetProxy = 7ABCAB792EE0CA6E0068FDBB /* PBXContainerItemProxy */;
		};
		7ABCAB8D2EE0CB0E0068FDBB /* PBXTargetDependency */ = {
			isa = PBXTargetDependency;
			target = 7ABCAB832EE0CB0E0068FDBB /* ActivityMonitorExtension */;
			targetProxy = 7ABCAB8C2EE0CB0E0068FDBB /* PBXContainerItemProxy */;
		};
/* End PBXTargetDependency section */

/* Begin XCBuildConfiguration section */
		6F5E550CA6923B018218D024 /* Debug */ = {
			isa = XCBuildConfiguration;
			buildSettings = {
				ASSETCATALOG_COMPILER_APPICON_NAME = AppIcon;
				ASSETCATALOG_COMPILER_GLOBAL_ACCENT_COLOR_NAME = AccentColor;
				CODE_SIGN_ENTITLEMENTS = iosApp/iosApp.entitlements;
				CODE_SIGN_IDENTITY = "Apple Development";
				CODE_SIGN_STYLE = Automatic;
				DEVELOPMENT_ASSET_PATHS = "\"iosApp/Preview Content\"";
				DEVELOPMENT_TEAM = 3V2R4684RL;
				ENABLE_PREVIEWS = YES;
				GENERATE_INFOPLIST_FILE = YES;
				INFOPLIST_FILE = iosApp/Info.plist;
				INFOPLIST_KEY_CFBundleDisplayName = Lockdown;
				INFOPLIST_KEY_LSApplicationCategoryType = "public.app-category.productivity";
				INFOPLIST_KEY_UIApplicationSceneManifest_Generation = YES;
				INFOPLIST_KEY_UIApplicationSupportsIndirectInputEvents = YES;
				INFOPLIST_KEY_UILaunchScreen_Generation = YES;
				INFOPLIST_KEY_UISupportedInterfaceOrientations_iPad = "UIInterfaceOrientationPortrait UIInterfaceOrientationPortraitUpsideDown UIInterfaceOrientationLandscapeLeft UIInterfaceOrientationLandscapeRight";
				INFOPLIST_KEY_UISupportedInterfaceOrientations_iPhone = "UIInterfaceOrientationPortrait UIInterfaceOrientationLandscapeLeft UIInterfaceOrientationLandscapeRight";
				IPHONEOS_DEPLOYMENT_TARGET = 18.0;
				LD_RUNPATH_SEARCH_PATHS = (
					"$(inherited)",
					"@executable_path/Frameworks",
				);
				SUPPORTED_PLATFORMS = "iphoneos iphonesimulator";
				SUPPORTS_MACCATALYST = NO;
				SUPPORTS_MAC_DESIGNED_FOR_IPHONE_IPAD = NO;
				SUPPORTS_XR_DESIGNED_FOR_IPHONE_IPAD = NO;
				SWIFT_EMIT_LOC_STRINGS = YES;
				SWIFT_VERSION = 5.0;
				TARGETED_DEVICE_FAMILY = "1,2";
			};
			name = Debug;
		};
		70054215DAD9D7FAD941DEF3 /* Release */ = {
			isa = XCBuildConfiguration;
			baseConfigurationReferenceAnchor = 83A3738F862476E206726180 /* Configuration */;
			baseConfigurationReferenceRelativePath = Config.xcconfig;
			buildSettings = {
				ALWAYS_SEARCH_USER_PATHS = NO;
				ASSETCATALOG_COMPILER_GENERATE_SWIFT_ASSET_SYMBOL_EXTENSIONS = YES;
				CLANG_ANALYZER_NONNULL = YES;
				CLANG_ANALYZER_NUMBER_OBJECT_CONVERSION = YES_AGGRESSIVE;
				CLANG_CXX_LANGUAGE_STANDARD = "gnu++20";
				CLANG_ENABLE_MODULES = YES;
				CLANG_ENABLE_OBJC_ARC = YES;
				CLANG_ENABLE_OBJC_WEAK = YES;
				CLANG_WARN_BLOCK_CAPTURE_AUTORELEASING = YES;
				CLANG_WARN_BOOL_CONVERSION = YES;
				CLANG_WARN_COMMA = YES;
				CLANG_WARN_CONSTANT_CONVERSION = YES;
				CLANG_WARN_DEPRECATED_OBJC_IMPLEMENTATIONS = YES;
				CLANG_WARN_DIRECT_OBJC_ISA_USAGE = YES_ERROR;
				CLANG_WARN_DOCUMENTATION_COMMENTS = YES;
				CLANG_WARN_EMPTY_BODY = YES;
				CLANG_WARN_ENUM_CONVERSION = YES;
				CLANG_WARN_INFINITE_RECURSION = YES;
				CLANG_WARN_INT_CONVERSION = YES;
				CLANG_WARN_NON_LITERAL_NULL_CONVERSION = YES;
				CLANG_WARN_OBJC_IMPLICIT_RETAIN_SELF = YES;
				CLANG_WARN_OBJC_LITERAL_CONVERSION = YES;
				CLANG_WARN_OBJC_ROOT_CLASS = YES_ERROR;
				CLANG_WARN_QUOTED_INCLUDE_IN_FRAMEWORK_HEADER = YES;
				CLANG_WARN_RANGE_LOOP_ANALYSIS = YES;
				CLANG_WARN_STRICT_PROTOTYPES = YES;
				CLANG_WARN_SUSPICIOUS_MOVE = YES;
				CLANG_WARN_UNGUARDED_AVAILABILITY = YES_AGGRESSIVE;
				CLANG_WARN_UNREACHABLE_CODE = YES;
				CLANG_WARN__DUPLICATE_METHOD_MATCH = YES;
				COPY_PHASE_STRIP = NO;
				DEBUG_INFORMATION_FORMAT = "dwarf-with-dsym";
				DEVELOPMENT_TEAM = 3V2R4684RL;
				ENABLE_NS_ASSERTIONS = NO;
				ENABLE_STRICT_OBJC_MSGSEND = YES;
				ENABLE_USER_SCRIPT_SANDBOXING = NO;
				GCC_C_LANGUAGE_STANDARD = gnu17;
				GCC_NO_COMMON_BLOCKS = YES;
				GCC_WARN_64_TO_32_BIT_CONVERSION = YES;
				GCC_WARN_ABOUT_RETURN_TYPE = YES_ERROR;
				GCC_WARN_UNDECLARED_SELECTOR = YES;
				GCC_WARN_UNINITIALIZED_AUTOS = YES_AGGRESSIVE;
				GCC_WARN_UNUSED_FUNCTION = YES;
				GCC_WARN_UNUSED_VARIABLE = YES;
				IPHONEOS_DEPLOYMENT_TARGET = 18.2;
				LOCALIZATION_PREFERS_STRING_CATALOGS = YES;
				MTL_ENABLE_DEBUG_INFO = NO;
				MTL_FAST_MATH = YES;
				SDKROOT = iphoneos;
				SWIFT_COMPILATION_MODE = wholemodule;
				VALIDATE_PRODUCT = YES;
			};
			name = Release;
		};
		7ABCAB532EE06FE30068FDBB /* Debug */ = {
			isa = XCBuildConfiguration;
			buildSettings = {
				CODE_SIGN_ENTITLEMENTS = ScreenTimeReportExtension/ScreenTimeReportExtension.entitlements;
				CODE_SIGN_IDENTITY = "Apple Development";
				CODE_SIGN_STYLE = Automatic;
				CURRENT_PROJECT_VERSION = 1;
				DEVELOPMENT_TEAM = 3V2R4684RL;
				ENABLE_USER_SCRIPT_SANDBOXING = YES;
				GENERATE_INFOPLIST_FILE = YES;
				INFOPLIST_FILE = ScreenTimeReportExtension/Info.plist;
				INFOPLIST_KEY_CFBundleDisplayName = ScreenTimeReportExtension;
				INFOPLIST_KEY_NSHumanReadableCopyright = "";
				IPHONEOS_DEPLOYMENT_TARGET = 18.0;
				LD_RUNPATH_SEARCH_PATHS = (
					"$(inherited)",
					"@executable_path/Frameworks",
					"@executable_path/../../Frameworks",
				);
				MARKETING_VERSION = 1.0;
				PRODUCT_BUNDLE_IDENTIFIER = com.honeycomb.disciplineapp.DisciplineApp.ScreenTimeReportExtension;
				PRODUCT_NAME = "$(TARGET_NAME)";
				SKIP_INSTALL = YES;
				SWIFT_EMIT_LOC_STRINGS = YES;
				SWIFT_VERSION = 5.0;
				TARGETED_DEVICE_FAMILY = "1,2";
			};
			name = Debug;
		};
		7ABCAB542EE06FE30068FDBB /* Release */ = {
			isa = XCBuildConfiguration;
			buildSettings = {
				CODE_SIGN_ENTITLEMENTS = ScreenTimeReportExtension/ScreenTimeReportExtension.entitlements;
				CODE_SIGN_IDENTITY = "Apple Development";
				CODE_SIGN_STYLE = Automatic;
				CURRENT_PROJECT_VERSION = 1;
				DEVELOPMENT_TEAM = 3V2R4684RL;
				ENABLE_USER_SCRIPT_SANDBOXING = YES;
				GENERATE_INFOPLIST_FILE = YES;
				INFOPLIST_FILE = ScreenTimeReportExtension/Info.plist;
				INFOPLIST_KEY_CFBundleDisplayName = ScreenTimeReportExtension;
				INFOPLIST_KEY_NSHumanReadableCopyright = "";
				IPHONEOS_DEPLOYMENT_TARGET = 18.0;
				LD_RUNPATH_SEARCH_PATHS = (
					"$(inherited)",
					"@executable_path/Frameworks",
					"@executable_path/../../Frameworks",
				);
				MARKETING_VERSION = 1.0;
				PRODUCT_BUNDLE_IDENTIFIER = com.honeycomb.disciplineapp.DisciplineApp.ScreenTimeReportExtension;
				PRODUCT_NAME = "$(TARGET_NAME)";
				SKIP_INSTALL = YES;
				SWIFT_EMIT_LOC_STRINGS = YES;
				SWIFT_VERSION = 5.0;
				TARGETED_DEVICE_FAMILY = "1,2";
			};
			name = Release;
		};
		7ABCAB682EE0CA3E0068FDBB /* Debug */ = {
			isa = XCBuildConfiguration;
			buildSettings = {
				CODE_SIGN_ENTITLEMENTS = CustomShieldExtension/CustomShieldExtension.entitlements;
				CODE_SIGN_IDENTITY = "Apple Development";
				CODE_SIGN_STYLE = Automatic;
				CURRENT_PROJECT_VERSION = 1;
				DEVELOPMENT_TEAM = 3V2R4684RL;
				ENABLE_USER_SCRIPT_SANDBOXING = YES;
				GENERATE_INFOPLIST_FILE = YES;
				INFOPLIST_FILE = CustomShieldExtension/Info.plist;
				INFOPLIST_KEY_CFBundleDisplayName = CustomShieldExtension;
				INFOPLIST_KEY_NSHumanReadableCopyright = "";
				IPHONEOS_DEPLOYMENT_TARGET = 18.5;
				LD_RUNPATH_SEARCH_PATHS = (
					"$(inherited)",
					"@executable_path/Frameworks",
					"@executable_path/../../Frameworks",
				);
				MARKETING_VERSION = 1.0;
				PRODUCT_BUNDLE_IDENTIFIER = com.honeycomb.disciplineapp.DisciplineApp.CustomShieldExtension;
				PRODUCT_NAME = "$(TARGET_NAME)";
				SKIP_INSTALL = YES;
				SWIFT_EMIT_LOC_STRINGS = YES;
				SWIFT_VERSION = 5.0;
				TARGETED_DEVICE_FAMILY = "1,2";
			};
			name = Debug;
		};
		7ABCAB692EE0CA3E0068FDBB /* Release */ = {
			isa = XCBuildConfiguration;
			buildSettings = {
				CODE_SIGN_ENTITLEMENTS = CustomShieldExtension/CustomShieldExtension.entitlements;
				CODE_SIGN_IDENTITY = "Apple Development";
				CODE_SIGN_STYLE = Automatic;
				CURRENT_PROJECT_VERSION = 1;
				DEVELOPMENT_TEAM = 3V2R4684RL;
				ENABLE_USER_SCRIPT_SANDBOXING = YES;
				GENERATE_INFOPLIST_FILE = YES;
				INFOPLIST_FILE = CustomShieldExtension/Info.plist;
				INFOPLIST_KEY_CFBundleDisplayName = CustomShieldExtension;
				INFOPLIST_KEY_NSHumanReadableCopyright = "";
				IPHONEOS_DEPLOYMENT_TARGET = 18.5;
				LD_RUNPATH_SEARCH_PATHS = (
					"$(inherited)",
					"@executable_path/Frameworks",
					"@executable_path/../../Frameworks",
				);
				MARKETING_VERSION = 1.0;
				PRODUCT_BUNDLE_IDENTIFIER = com.honeycomb.disciplineapp.DisciplineApp.CustomShieldExtension;
				PRODUCT_NAME = "$(TARGET_NAME)";
				SKIP_INSTALL = YES;
				SWIFT_EMIT_LOC_STRINGS = YES;
				SWIFT_VERSION = 5.0;
				TARGETED_DEVICE_FAMILY = "1,2";
			};
			name = Release;
		};
		7ABCAB7D2EE0CA6E0068FDBB /* Debug */ = {
			isa = XCBuildConfiguration;
			buildSettings = {
				CODE_SIGN_ENTITLEMENTS = CustomShieldConfiguration/CustomShieldConfiguration.entitlements;
				CODE_SIGN_IDENTITY = "Apple Development";
				CODE_SIGN_STYLE = Automatic;
				CURRENT_PROJECT_VERSION = 1;
				DEVELOPMENT_TEAM = 3V2R4684RL;
				ENABLE_USER_SCRIPT_SANDBOXING = YES;
				GENERATE_INFOPLIST_FILE = YES;
				INFOPLIST_FILE = CustomShieldConfiguration/Info.plist;
				INFOPLIST_KEY_CFBundleDisplayName = CustomShieldConfiguration;
				INFOPLIST_KEY_NSHumanReadableCopyright = "";
				IPHONEOS_DEPLOYMENT_TARGET = 18.5;
				LD_RUNPATH_SEARCH_PATHS = (
					"$(inherited)",
					"@executable_path/Frameworks",
					"@executable_path/../../Frameworks",
				);
				MARKETING_VERSION = 1.0;
				PRODUCT_BUNDLE_IDENTIFIER = com.honeycomb.disciplineapp.DisciplineApp.CustomShieldConfiguration;
				PRODUCT_NAME = "$(TARGET_NAME)";
				SKIP_INSTALL = YES;
				SWIFT_EMIT_LOC_STRINGS = YES;
				SWIFT_VERSION = 5.0;
				TARGETED_DEVICE_FAMILY = "1,2";
			};
			name = Debug;
		};
		7ABCAB7E2EE0CA6E0068FDBB /* Release */ = {
			isa = XCBuildConfiguration;
			buildSettings = {
				CODE_SIGN_ENTITLEMENTS = CustomShieldConfiguration/CustomShieldConfiguration.entitlements;
				CODE_SIGN_IDENTITY = "Apple Development";
				CODE_SIGN_STYLE = Automatic;
				CURRENT_PROJECT_VERSION = 1;
				DEVELOPMENT_TEAM = 3V2R4684RL;
				ENABLE_USER_SCRIPT_SANDBOXING = YES;
				GENERATE_INFOPLIST_FILE = YES;
				INFOPLIST_FILE = CustomShieldConfiguration/Info.plist;
				INFOPLIST_KEY_CFBundleDisplayName = CustomShieldConfiguration;
				INFOPLIST_KEY_NSHumanReadableCopyright = "";
				IPHONEOS_DEPLOYMENT_TARGET = 18.5;
				LD_RUNPATH_SEARCH_PATHS = (
					"$(inherited)",
					"@executable_path/Frameworks",
					"@executable_path/../../Frameworks",
				);
				MARKETING_VERSION = 1.0;
				PRODUCT_BUNDLE_IDENTIFIER = com.honeycomb.disciplineapp.DisciplineApp.CustomShieldConfiguration;
				PRODUCT_NAME = "$(TARGET_NAME)";
				SKIP_INSTALL = YES;
				SWIFT_EMIT_LOC_STRINGS = YES;
				SWIFT_VERSION = 5.0;
				TARGETED_DEVICE_FAMILY = "1,2";
			};
			name = Release;
		};
		7ABCAB902EE0CB0E0068FDBB /* Debug */ = {
			isa = XCBuildConfiguration;
			buildSettings = {
				CODE_SIGN_ENTITLEMENTS = ActivityMonitorExtension/ActivityMonitorExtension.entitlements;
				CODE_SIGN_IDENTITY = "Apple Development";
				CODE_SIGN_STYLE = Automatic;
				CURRENT_PROJECT_VERSION = 1;
				DEVELOPMENT_TEAM = 3V2R4684RL;
				ENABLE_USER_SCRIPT_SANDBOXING = YES;
				GENERATE_INFOPLIST_FILE = YES;
				INFOPLIST_FILE = ActivityMonitorExtension/Info.plist;
				INFOPLIST_KEY_CFBundleDisplayName = ActivityMonitorExtension;
				INFOPLIST_KEY_NSHumanReadableCopyright = "";
				IPHONEOS_DEPLOYMENT_TARGET = 18.5;
				LD_RUNPATH_SEARCH_PATHS = (
					"$(inherited)",
					"@executable_path/Frameworks",
					"@executable_path/../../Frameworks",
				);
				MARKETING_VERSION = 1.0;
				PRODUCT_BUNDLE_IDENTIFIER = com.honeycomb.disciplineapp.DisciplineApp.ActivityMonitorExtension;
				PRODUCT_NAME = "$(TARGET_NAME)";
				SKIP_INSTALL = YES;
				SWIFT_EMIT_LOC_STRINGS = YES;
				SWIFT_VERSION = 5.0;
				TARGETED_DEVICE_FAMILY = "1,2";
			};
			name = Debug;
		};
		7ABCAB912EE0CB0E0068FDBB /* Release */ = {
			isa = XCBuildConfiguration;
			buildSettings = {
				CODE_SIGN_ENTITLEMENTS = ActivityMonitorExtension/ActivityMonitorExtension.entitlements;
				CODE_SIGN_IDENTITY = "Apple Development";
				CODE_SIGN_STYLE = Automatic;
				CURRENT_PROJECT_VERSION = 1;
				DEVELOPMENT_TEAM = 3V2R4684RL;
				ENABLE_USER_SCRIPT_SANDBOXING = YES;
				GENERATE_INFOPLIST_FILE = YES;
				INFOPLIST_FILE = ActivityMonitorExtension/Info.plist;
				INFOPLIST_KEY_CFBundleDisplayName = ActivityMonitorExtension;
				INFOPLIST_KEY_NSHumanReadableCopyright = "";
				IPHONEOS_DEPLOYMENT_TARGET = 18.5;
				LD_RUNPATH_SEARCH_PATHS = (
					"$(inherited)",
					"@executable_path/Frameworks",
					"@executable_path/../../Frameworks",
				);
				MARKETING_VERSION = 1.0;
				PRODUCT_BUNDLE_IDENTIFIER = com.honeycomb.disciplineapp.DisciplineApp.ActivityMonitorExtension;
				PRODUCT_NAME = "$(TARGET_NAME)";
				SKIP_INSTALL = YES;
				SWIFT_EMIT_LOC_STRINGS = YES;
				SWIFT_VERSION = 5.0;
				TARGETED_DEVICE_FAMILY = "1,2";
			};
			name = Release;
		};
		913BC87AC665C60DFC1A01B7 /* Debug */ = {
			isa = XCBuildConfiguration;
			baseConfigurationReferenceAnchor = 83A3738F862476E206726180 /* Configuration */;
			baseConfigurationReferenceRelativePath = Config.xcconfig;
			buildSettings = {
				ALWAYS_SEARCH_USER_PATHS = NO;
				ASSETCATALOG_COMPILER_GENERATE_SWIFT_ASSET_SYMBOL_EXTENSIONS = YES;
				CLANG_ANALYZER_NONNULL = YES;
				CLANG_ANALYZER_NUMBER_OBJECT_CONVERSION = YES_AGGRESSIVE;
				CLANG_CXX_LANGUAGE_STANDARD = "gnu++20";
				CLANG_ENABLE_MODULES = YES;
				CLANG_ENABLE_OBJC_ARC = YES;
				CLANG_ENABLE_OBJC_WEAK = YES;
				CLANG_WARN_BLOCK_CAPTURE_AUTORELEASING = YES;
				CLANG_WARN_BOOL_CONVERSION = YES;
				CLANG_WARN_COMMA = YES;
				CLANG_WARN_CONSTANT_CONVERSION = YES;
				CLANG_WARN_DEPRECATED_OBJC_IMPLEMENTATIONS = YES;
				CLANG_WARN_DIRECT_OBJC_ISA_USAGE = YES_ERROR;
				CLANG_WARN_DOCUMENTATION_COMMENTS = YES;
				CLANG_WARN_EMPTY_BODY = YES;
				CLANG_WARN_ENUM_CONVERSION = YES;
				CLANG_WARN_INFINITE_RECURSION = YES;
				CLANG_WARN_INT_CONVERSION = YES;
				CLANG_WARN_NON_LITERAL_NULL_CONVERSION = YES;
				CLANG_WARN_OBJC_IMPLICIT_RETAIN_SELF = YES;
				CLANG_WARN_OBJC_LITERAL_CONVERSION = YES;
				CLANG_WARN_OBJC_ROOT_CLASS = YES_ERROR;
				CLANG_WARN_QUOTED_INCLUDE_IN_FRAMEWORK_HEADER = YES;
				CLANG_WARN_RANGE_LOOP_ANALYSIS = YES;
				CLANG_WARN_STRICT_PROTOTYPES = YES;
				CLANG_WARN_SUSPICIOUS_MOVE = YES;
				CLANG_WARN_UNGUARDED_AVAILABILITY = YES_AGGRESSIVE;
				CLANG_WARN_UNREACHABLE_CODE = YES;
				CLANG_WARN__DUPLICATE_METHOD_MATCH = YES;
				COPY_PHASE_STRIP = NO;
				DEBUG_INFORMATION_FORMAT = dwarf;
				DEVELOPMENT_TEAM = 3V2R4684RL;
				ENABLE_STRICT_OBJC_MSGSEND = YES;
				ENABLE_TESTABILITY = YES;
				ENABLE_USER_SCRIPT_SANDBOXING = NO;
				GCC_C_LANGUAGE_STANDARD = gnu17;
				GCC_DYNAMIC_NO_PIC = NO;
				GCC_NO_COMMON_BLOCKS = YES;
				GCC_OPTIMIZATION_LEVEL = 0;
				GCC_PREPROCESSOR_DEFINITIONS = (
					"DEBUG=1",
					"$(inherited)",
				);
				GCC_WARN_64_TO_32_BIT_CONVERSION = YES;
				GCC_WARN_ABOUT_RETURN_TYPE = YES_ERROR;
				GCC_WARN_UNDECLARED_SELECTOR = YES;
				GCC_WARN_UNINITIALIZED_AUTOS = YES_AGGRESSIVE;
				GCC_WARN_UNUSED_FUNCTION = YES;
				GCC_WARN_UNUSED_VARIABLE = YES;
				IPHONEOS_DEPLOYMENT_TARGET = 18.2;
				LOCALIZATION_PREFERS_STRING_CATALOGS = YES;
				MTL_ENABLE_DEBUG_INFO = INCLUDE_SOURCE;
				MTL_FAST_MATH = YES;
				ONLY_ACTIVE_ARCH = YES;
				SDKROOT = iphoneos;
				SWIFT_ACTIVE_COMPILATION_CONDITIONS = "DEBUG $(inherited)";
				SWIFT_OPTIMIZATION_LEVEL = "-Onone";
			};
			name = Debug;
		};
		DDA31D073984FFBC91922877 /* Release */ = {
			isa = XCBuildConfiguration;
			buildSettings = {
				ASSETCATALOG_COMPILER_APPICON_NAME = AppIcon;
				ASSETCATALOG_COMPILER_GLOBAL_ACCENT_COLOR_NAME = AccentColor;
				CODE_SIGN_ENTITLEMENTS = iosApp/iosApp.entitlements;
				CODE_SIGN_IDENTITY = "Apple Development";
				CODE_SIGN_STYLE = Automatic;
				DEVELOPMENT_ASSET_PATHS = "\"iosApp/Preview Content\"";
				DEVELOPMENT_TEAM = 3V2R4684RL;
				ENABLE_PREVIEWS = YES;
				GENERATE_INFOPLIST_FILE = YES;
				INFOPLIST_FILE = iosApp/Info.plist;
				INFOPLIST_KEY_CFBundleDisplayName = Lockdown;
				INFOPLIST_KEY_LSApplicationCategoryType = "public.app-category.productivity";
				INFOPLIST_KEY_UIApplicationSceneManifest_Generation = YES;
				INFOPLIST_KEY_UIApplicationSupportsIndirectInputEvents = YES;
				INFOPLIST_KEY_UILaunchScreen_Generation = YES;
				INFOPLIST_KEY_UISupportedInterfaceOrientations_iPad = "UIInterfaceOrientationPortrait UIInterfaceOrientationPortraitUpsideDown UIInterfaceOrientationLandscapeLeft UIInterfaceOrientationLandscapeRight";
				INFOPLIST_KEY_UISupportedInterfaceOrientations_iPhone = "UIInterfaceOrientationPortrait UIInterfaceOrientationLandscapeLeft UIInterfaceOrientationLandscapeRight";
				IPHONEOS_DEPLOYMENT_TARGET = 18.0;
				LD_RUNPATH_SEARCH_PATHS = (
					"$(inherited)",
					"@executable_path/Frameworks",
				);
				SUPPORTED_PLATFORMS = "iphoneos iphonesimulator";
				SUPPORTS_MACCATALYST = NO;
				SUPPORTS_MAC_DESIGNED_FOR_IPHONE_IPAD = NO;
				SUPPORTS_XR_DESIGNED_FOR_IPHONE_IPAD = NO;
				SWIFT_EMIT_LOC_STRINGS = YES;
				SWIFT_VERSION = 5.0;
				TARGETED_DEVICE_FAMILY = "1,2";
			};
			name = Release;
		};
/* End XCBuildConfiguration section */

/* Begin XCConfigurationList section */
		7ABCAB522EE06FE30068FDBB /* Build configuration list for PBXNativeTarget "ScreenTimeReportExtension" */ = {
			isa = XCConfigurationList;
			buildConfigurations = (
				7ABCAB532EE06FE30068FDBB /* Debug */,
				7ABCAB542EE06FE30068FDBB /* Release */,
			);
			defaultConfigurationIsVisible = 0;
			defaultConfigurationName = Release;
		};
		7ABCAB672EE0CA3E0068FDBB /* Build configuration list for PBXNativeTarget "CustomShieldExtension" */ = {
			isa = XCConfigurationList;
			buildConfigurations = (
				7ABCAB682EE0CA3E0068FDBB /* Debug */,
				7ABCAB692EE0CA3E0068FDBB /* Release */,
			);
			defaultConfigurationIsVisible = 0;
			defaultConfigurationName = Release;
		};
		7ABCAB7C2EE0CA6E0068FDBB /* Build configuration list for PBXNativeTarget "CustomShieldConfiguration" */ = {
			isa = XCConfigurationList;
			buildConfigurations = (
				7ABCAB7D2EE0CA6E0068FDBB /* Debug */,
				7ABCAB7E2EE0CA6E0068FDBB /* Release */,
			);
			defaultConfigurationIsVisible = 0;
			defaultConfigurationName = Release;
		};
		7ABCAB8F2EE0CB0E0068FDBB /* Build configuration list for PBXNativeTarget "ActivityMonitorExtension" */ = {
			isa = XCConfigurationList;
			buildConfigurations = (
				7ABCAB902EE0CB0E0068FDBB /* Debug */,
				7ABCAB912EE0CB0E0068FDBB /* Release */,
			);
			defaultConfigurationIsVisible = 0;
			defaultConfigurationName = Release;
		};
		9A48B848B2D525FD578A5C10 /* Build configuration list for PBXProject "iosApp" */ = {
			isa = XCConfigurationList;
			buildConfigurations = (
				913BC87AC665C60DFC1A01B7 /* Debug */,
				70054215DAD9D7FAD941DEF3 /* Release */,
			);
			defaultConfigurationIsVisible = 0;
			defaultConfigurationName = Release;
		};
		B1348A50FF39E13CCF4243C3 /* Build configuration list for PBXNativeTarget "iosApp" */ = {
			isa = XCConfigurationList;
			buildConfigurations = (
				6F5E550CA6923B018218D024 /* Debug */,
				DDA31D073984FFBC91922877 /* Release */,
			);
			defaultConfigurationIsVisible = 0;
			defaultConfigurationName = Release;
		};
/* End XCConfigurationList section */

/* Begin XCRemoteSwiftPackageReference section */
		7AE807852ED1BC4C008DD79B /* XCRemoteSwiftPackageReference "firebase-ios-sdk" */ = {
			isa = XCRemoteSwiftPackageReference;
			repositoryURL = "https://github.com/firebase/firebase-ios-sdk";
			requirement = {
				kind = upToNextMajorVersion;
				minimumVersion = 12.6.0;
			};
		};
		7AE807862ED1C137008DD79B /* XCRemoteSwiftPackageReference "GoogleSignIn-iOS" */ = {
			isa = XCRemoteSwiftPackageReference;
			repositoryURL = "https://github.com/google/GoogleSignIn-iOS";
			requirement = {
				kind = upToNextMajorVersion;
				minimumVersion = 9.0.0;
			};
		};
/* End XCRemoteSwiftPackageReference section */

/* Begin XCSwiftPackageProductDependency section */
		7AB23DC22ED349C1002567D2 /* FirebaseAI */ = {
			isa = XCSwiftPackageProductDependency;
			package = 7AE807852ED1BC4C008DD79B /* XCRemoteSwiftPackageReference "firebase-ios-sdk" */;
			productName = FirebaseAI;
		};
		7AB23DC42ED349C1002567D2 /* FirebaseAnalytics */ = {
			isa = XCSwiftPackageProductDependency;
			package = 7AE807852ED1BC4C008DD79B /* XCRemoteSwiftPackageReference "firebase-ios-sdk" */;
			productName = FirebaseAnalytics;
		};
		7AB23DC62ED349C1002567D2 /* FirebaseAuth */ = {
			isa = XCSwiftPackageProductDependency;
			package = 7AE807852ED1BC4C008DD79B /* XCRemoteSwiftPackageReference "firebase-ios-sdk" */;
			productName = FirebaseAuth;
		};
		7AB23DC82ED349C1002567D2 /* FirebaseCore */ = {
			isa = XCSwiftPackageProductDependency;
			package = 7AE807852ED1BC4C008DD79B /* XCRemoteSwiftPackageReference "firebase-ios-sdk" */;
			productName = FirebaseCore;
		};
		7AB23DCA2ED349C1002567D2 /* FirebaseCrashlytics */ = {
			isa = XCSwiftPackageProductDependency;
			package = 7AE807852ED1BC4C008DD79B /* XCRemoteSwiftPackageReference "firebase-ios-sdk" */;
			productName = FirebaseCrashlytics;
		};
		7AB23DCC2ED349C1002567D2 /* FirebaseFirestore */ = {
			isa = XCSwiftPackageProductDependency;
			package = 7AE807852ED1BC4C008DD79B /* XCRemoteSwiftPackageReference "firebase-ios-sdk" */;
			productName = FirebaseFirestore;
		};
		7AB23DCE2ED349C1002567D2 /* FirebaseFunctions */ = {
			isa = XCSwiftPackageProductDependency;
			package = 7AE807852ED1BC4C008DD79B /* XCRemoteSwiftPackageReference "firebase-ios-sdk" */;
			productName = FirebaseFunctions;
		};
		7AB23DD02ED349C1002567D2 /* FirebaseFunctionsCombine-Community */ = {
			isa = XCSwiftPackageProductDependency;
			package = 7AE807852ED1BC4C008DD79B /* XCRemoteSwiftPackageReference "firebase-ios-sdk" */;
			productName = "FirebaseFunctionsCombine-Community";
		};
		7AB23DD22ED349C1002567D2 /* FirebaseStorage */ = {
			isa = XCSwiftPackageProductDependency;
			package = 7AE807852ED1BC4C008DD79B /* XCRemoteSwiftPackageReference "firebase-ios-sdk" */;
			productName = FirebaseStorage;
		};
		7AE807872ED1C137008DD79B /* GoogleSignIn */ = {
			isa = XCSwiftPackageProductDependency;
			package = 7AE807862ED1C137008DD79B /* XCRemoteSwiftPackageReference "GoogleSignIn-iOS" */;
			productName = GoogleSignIn;
		};
		7AE807892ED1C137008DD79B /* GoogleSignInSwift */ = {
			isa = XCSwiftPackageProductDependency;
			package = 7AE807862ED1C137008DD79B /* XCRemoteSwiftPackageReference "GoogleSignIn-iOS" */;
			productName = GoogleSignInSwift;
		};
/* End XCSwiftPackageProductDependency section */
	};
	rootObject = 466F396392214C824F0E6F1A /* Project object */;
}
